// !$*UTF8*$!
{
	archiveVersion = 1;
	classes = {
	};
	objectVersion = 55;
	objects = {

/* Begin PBXBuildFile section */
		490A52FD27A4EED500E41F9D /* AppDelegate.swift in Sources */ = {isa = PBXBuildFile; fileRef = 490A52FC27A4EED500E41F9D /* AppDelegate.swift */; };
		490A52FF27A4EED500E41F9D /* SceneDelegate.swift in Sources */ = {isa = PBXBuildFile; fileRef = 490A52FE27A4EED500E41F9D /* SceneDelegate.swift */; };
		490A530127A4EED500E41F9D /* MoviesViewController.swift in Sources */ = {isa = PBXBuildFile; fileRef = 490A530027A4EED500E41F9D /* MoviesViewController.swift */; };
		490A530427A4EED500E41F9D /* Main.storyboard in Resources */ = {isa = PBXBuildFile; fileRef = 490A530227A4EED500E41F9D /* Main.storyboard */; };
		490A530627A4EED700E41F9D /* Assets.xcassets in Resources */ = {isa = PBXBuildFile; fileRef = 490A530527A4EED700E41F9D /* Assets.xcassets */; };
		490A530927A4EED700E41F9D /* LaunchScreen.storyboard in Resources */ = {isa = PBXBuildFile; fileRef = 490A530727A4EED700E41F9D /* LaunchScreen.storyboard */; };
		490C2CB427AA5CAA0047737C /* AlamofireImage in Frameworks */ = {isa = PBXBuildFile; productRef = 490C2CB327AA5CAA0047737C /* AlamofireImage */; };
		490E042227A98D88001C98BD /* MovieCell.swift in Sources */ = {isa = PBXBuildFile; fileRef = 490E042127A98D88001C98BD /* MovieCell.swift */; };
		4928705C27B22F3800196CF2 /* MovieDetailsViewController.swift in Sources */ = {isa = PBXBuildFile; fileRef = 4928705B27B22F3800196CF2 /* MovieDetailsViewController.swift */; };
		49C0487227B5FA1800171A9B /* MovieGridViewController.swift in Sources */ = {isa = PBXBuildFile; fileRef = 49C0487127B5FA1800171A9B /* MovieGridViewController.swift */; };
		49C0487427B5FF6400171A9B /* MovieGridCell.swift in Sources */ = {isa = PBXBuildFile; fileRef = 49C0487327B5FF6400171A9B /* MovieGridCell.swift */; };
		9D9150C6BA1A7D09BDBC72F2 /* Pods_NowPlaying.framework in Frameworks */ = {isa = PBXBuildFile; fileRef = DA4FA98A143B352BCB2AFEF7 /* Pods_NowPlaying.framework */; };
/* End PBXBuildFile section */

/* Begin PBXFileReference section */
		490A52F927A4EED500E41F9D /* NowPlaying.app */ = {isa = PBXFileReference; explicitFileType = wrapper.application; includeInIndex = 0; path = NowPlaying.app; sourceTree = BUILT_PRODUCTS_DIR; };
		490A52FC27A4EED500E41F9D /* AppDelegate.swift */ = {isa = PBXFileReference; lastKnownFileType = sourcecode.swift; path = AppDelegate.swift; sourceTree = "<group>"; };
		490A52FE27A4EED500E41F9D /* SceneDelegate.swift */ = {isa = PBXFileReference; lastKnownFileType = sourcecode.swift; path = SceneDelegate.swift; sourceTree = "<group>"; };
		490A530027A4EED500E41F9D /* MoviesViewController.swift */ = {isa = PBXFileReference; lastKnownFileType = sourcecode.swift; path = MoviesViewController.swift; sourceTree = "<group>"; };
		490A530327A4EED500E41F9D /* Base */ = {isa = PBXFileReference; lastKnownFileType = file.storyboard; name = Base; path = Base.lproj/Main.storyboard; sourceTree = "<group>"; };
		490A530527A4EED700E41F9D /* Assets.xcassets */ = {isa = PBXFileReference; lastKnownFileType = folder.assetcatalog; path = Assets.xcassets; sourceTree = "<group>"; };
		490A530827A4EED700E41F9D /* Base */ = {isa = PBXFileReference; lastKnownFileType = file.storyboard; name = Base; path = Base.lproj/LaunchScreen.storyboard; sourceTree = "<group>"; };
		490A530A27A4EED700E41F9D /* Info.plist */ = {isa = PBXFileReference; lastKnownFileType = text.plist.xml; path = Info.plist; sourceTree = "<group>"; };
		490E042127A98D88001C98BD /* MovieCell.swift */ = {isa = PBXFileReference; lastKnownFileType = sourcecode.swift; path = MovieCell.swift; sourceTree = "<group>"; };
		4928705B27B22F3800196CF2 /* MovieDetailsViewController.swift */ = {isa = PBXFileReference; lastKnownFileType = sourcecode.swift; path = MovieDetailsViewController.swift; sourceTree = "<group>"; };
		49C0487127B5FA1800171A9B /* MovieGridViewController.swift */ = {isa = PBXFileReference; lastKnownFileType = sourcecode.swift; path = MovieGridViewController.swift; sourceTree = "<group>"; };
		49C0487327B5FF6400171A9B /* MovieGridCell.swift */ = {isa = PBXFileReference; lastKnownFileType = sourcecode.swift; path = MovieGridCell.swift; sourceTree = "<group>"; };
		AC0AA0D23670163320E0080C /* Pods-NowPlaying.release.xcconfig */ = {isa = PBXFileReference; includeInIndex = 1; lastKnownFileType = text.xcconfig; name = "Pods-NowPlaying.release.xcconfig"; path = "Target Support Files/Pods-NowPlaying/Pods-NowPlaying.release.xcconfig"; sourceTree = "<group>"; };
		DA4FA98A143B352BCB2AFEF7 /* Pods_NowPlaying.framework */ = {isa = PBXFileReference; explicitFileType = wrapper.framework; includeInIndex = 0; path = Pods_NowPlaying.framework; sourceTree = BUILT_PRODUCTS_DIR; };
		FAB473947535A010F01E0DB0 /* Pods-NowPlaying.debug.xcconfig */ = {isa = PBXFileReference; includeInIndex = 1; lastKnownFileType = text.xcconfig; name = "Pods-NowPlaying.debug.xcconfig"; path = "Target Support Files/Pods-NowPlaying/Pods-NowPlaying.debug.xcconfig"; sourceTree = "<group>"; };
/* End PBXFileReference section */

/* Begin PBXFrameworksBuildPhase section */
		490A52F627A4EED500E41F9D /* Frameworks */ = {
			isa = PBXFrameworksBuildPhase;
			buildActionMask = 2147483647;
			files = (
				490C2CB427AA5CAA0047737C /* AlamofireImage in Frameworks */,
				9D9150C6BA1A7D09BDBC72F2 /* Pods_NowPlaying.framework in Frameworks */,
			);
			runOnlyForDeploymentPostprocessing = 0;
		};
/* End PBXFrameworksBuildPhase section */

/* Begin PBXGroup section */
		28B43DF62DDAFD7A717413BA /* Frameworks */ = {
			isa = PBXGroup;
			children = (
				DA4FA98A143B352BCB2AFEF7 /* Pods_NowPlaying.framework */,
			);
			name = Frameworks;
			sourceTree = "<group>";
		};
		490A52F027A4EED500E41F9D = {
			isa = PBXGroup;
			children = (
				490A52FB27A4EED500E41F9D /* NowPlaying */,
				490A52FA27A4EED500E41F9D /* Products */,
				50DE99797276FEBC4F0443D8 /* Pods */,
				28B43DF62DDAFD7A717413BA /* Frameworks */,
			);
			sourceTree = "<group>";
		};
		490A52FA27A4EED500E41F9D /* Products */ = {
			isa = PBXGroup;
			children = (
				490A52F927A4EED500E41F9D /* NowPlaying.app */,
			);
			name = Products;
			sourceTree = "<group>";
		};
		490A52FB27A4EED500E41F9D /* NowPlaying */ = {
			isa = PBXGroup;
			children = (
				490A52FC27A4EED500E41F9D /* AppDelegate.swift */,
				490A52FE27A4EED500E41F9D /* SceneDelegate.swift */,
				490A530027A4EED500E41F9D /* MoviesViewController.swift */,
				490A530227A4EED500E41F9D /* Main.storyboard */,
				490A530527A4EED700E41F9D /* Assets.xcassets */,
				490A530727A4EED700E41F9D /* LaunchScreen.storyboard */,
				490A530A27A4EED700E41F9D /* Info.plist */,
				490E042127A98D88001C98BD /* MovieCell.swift */,
				4928705B27B22F3800196CF2 /* MovieDetailsViewController.swift */,
				49C0487127B5FA1800171A9B /* MovieGridViewController.swift */,
				49C0487327B5FF6400171A9B /* MovieGridCell.swift */,
			);
			path = NowPlaying;
			sourceTree = "<group>";
		};
		50DE99797276FEBC4F0443D8 /* Pods */ = {
			isa = PBXGroup;
			children = (
				FAB473947535A010F01E0DB0 /* Pods-NowPlaying.debug.xcconfig */,
				AC0AA0D23670163320E0080C /* Pods-NowPlaying.release.xcconfig */,
			);
			path = Pods;
			sourceTree = "<group>";
		};
/* End PBXGroup section */

/* Begin PBXNativeTarget section */
		490A52F827A4EED500E41F9D /* NowPlaying */ = {
			isa = PBXNativeTarget;
			buildConfigurationList = 490A530D27A4EED700E41F9D /* Build configuration list for PBXNativeTarget "NowPlaying" */;
			buildPhases = (
				CFA68DAE7891A4E582C352F4 /* [CP] Check Pods Manifest.lock */,
				490A52F527A4EED500E41F9D /* Sources */,
				490A52F627A4EED500E41F9D /* Frameworks */,
				490A52F727A4EED500E41F9D /* Resources */,
				9F36EA391DA991753D8BC7BE /* [CP] Embed Pods Frameworks */,
			);
			buildRules = (
			);
			dependencies = (
			);
			name = NowPlaying;
			packageProductDependencies = (
				490C2CB327AA5CAA0047737C /* AlamofireImage */,
			);
			productName = NowPlaying;
			productReference = 490A52F927A4EED500E41F9D /* NowPlaying.app */;
			productType = "com.apple.product-type.application";
		};
/* End PBXNativeTarget section */

/* Begin PBXProject section */
		490A52F127A4EED500E41F9D /* Project object */ = {
			isa = PBXProject;
			attributes = {
				BuildIndependentTargetsInParallel = 1;
				LastSwiftUpdateCheck = 1310;
				LastUpgradeCheck = 1310;
				TargetAttributes = {
					490A52F827A4EED500E41F9D = {
						CreatedOnToolsVersion = 13.1;
					};
				};
			};
			buildConfigurationList = 490A52F427A4EED500E41F9D /* Build configuration list for PBXProject "NowPlaying" */;
			compatibilityVersion = "Xcode 13.0";
			developmentRegion = en;
			hasScannedForEncodings = 0;
			knownRegions = (
				en,
				Base,
			);
			mainGroup = 490A52F027A4EED500E41F9D;
			packageReferences = (
				490C2CB227AA5CAA0047737C /* XCRemoteSwiftPackageReference "AlamofireImage" */,
			);
			productRefGroup = 490A52FA27A4EED500E41F9D /* Products */;
			projectDirPath = "";
			projectRoot = "";
			targets = (
				490A52F827A4EED500E41F9D /* NowPlaying */,
			);
		};
/* End PBXProject section */

/* Begin PBXResourcesBuildPhase section */
		490A52F727A4EED500E41F9D /* Resources */ = {
			isa = PBXResourcesBuildPhase;
			buildActionMask = 2147483647;
			files = (
				490A530927A4EED700E41F9D /* LaunchScreen.storyboard in Resources */,
				490A530627A4EED700E41F9D /* Assets.xcassets in Resources */,
				490A530427A4EED500E41F9D /* Main.storyboard in Resources */,
			);
			runOnlyForDeploymentPostprocessing = 0;
		};
/* End PBXResourcesBuildPhase section */

/* Begin PBXShellScriptBuildPhase section */
		9F36EA391DA991753D8BC7BE /* [CP] Embed Pods Frameworks */ = {
			isa = PBXShellScriptBuildPhase;
			buildActionMask = 2147483647;
			files = (
			);
			inputFileListPaths = (
				"${PODS_ROOT}/Target Support Files/Pods-NowPlaying/Pods-NowPlaying-frameworks-${CONFIGURATION}-input-files.xcfilelist",
			);
			name = "[CP] Embed Pods Frameworks";
			outputFileListPaths = (
				"${PODS_ROOT}/Target Support Files/Pods-NowPlaying/Pods-NowPlaying-frameworks-${CONFIGURATION}-output-files.xcfilelist",
			);
			runOnlyForDeploymentPostprocessing = 0;
			shellPath = /bin/sh;
			shellScript = "\"${PODS_ROOT}/Target Support Files/Pods-NowPlaying/Pods-NowPlaying-frameworks.sh\"\n";
			showEnvVarsInLog = 0;
		};
		CFA68DAE7891A4E582C352F4 /* [CP] Check Pods Manifest.lock */ = {
			isa = PBXShellScriptBuildPhase;
			buildActionMask = 2147483647;
			files = (
			);
			inputFileListPaths = (
			);
			inputPaths = (
				"${PODS_PODFILE_DIR_PATH}/Podfile.lock",
				"${PODS_ROOT}/Manifest.lock",
			);
			name = "[CP] Check Pods Manifest.lock";
			outputFileListPaths = (
			);
			outputPaths = (
				"$(DERIVED_FILE_DIR)/Pods-NowPlaying-checkManifestLockResult.txt",
			);
			runOnlyForDeploymentPostprocessing = 0;
			shellPath = /bin/sh;
			shellScript = "diff \"${PODS_PODFILE_DIR_PATH}/Podfile.lock\" \"${PODS_ROOT}/Manifest.lock\" > /dev/null\nif [ $? != 0 ] ; then\n    # print error to STDERR\n    echo \"error: The sandbox is not in sync with the Podfile.lock. Run 'pod install' or update your CocoaPods installation.\" >&2\n    exit 1\nfi\n# This output is used by Xcode 'outputs' to avoid re-running this script phase.\necho \"SUCCESS\" > \"${SCRIPT_OUTPUT_FILE_0}\"\n";
			showEnvVarsInLog = 0;
		};
/* End PBXShellScriptBuildPhase section */

/* Begin PBXSourcesBuildPhase section */
		490A52F527A4EED500E41F9D /* Sources */ = {
			isa = PBXSourcesBuildPhase;
			buildActionMask = 2147483647;
			files = (
				4928705C27B22F3800196CF2 /* MovieDetailsViewController.swift in Sources */,
				490A530127A4EED500E41F9D /* MoviesViewController.swift in Sources */,
				490A52FD27A4EED500E41F9D /* AppDelegate.swift in Sources */,
				490E042227A98D88001C98BD /* MovieCell.swift in Sources */,
				490A52FF27A4EED500E41F9D /* SceneDelegate.swift in Sources */,
				49C0487227B5FA1800171A9B /* MovieGridViewController.swift in Sources */,
				49C0487427B5FF6400171A9B /* MovieGridCell.swift in Sources */,
			);
			runOnlyForDeploymentPostprocessing = 0;
		};
/* End PBXSourcesBuildPhase section */

/* Begin PBXVariantGroup section */
		490A530227A4EED500E41F9D /* Main.storyboard */ = {
			isa = PBXVariantGroup;
			children = (
				490A530327A4EED500E41F9D /* Base */,
			);
			name = Main.storyboard;
			sourceTree = "<group>";
		};
		490A530727A4EED700E41F9D /* LaunchScreen.storyboard */ = {
			isa = PBXVariantGroup;
			children = (
				490A530827A4EED700E41F9D /* Base */,
			);
			name = LaunchScreen.storyboard;
			sourceTree = "<group>";
		};
/* End PBXVariantGroup section */

/* Begin XCBuildConfiguration section */
		490A530B27A4EED700E41F9D /* Debug */ = {
			isa = XCBuildConfiguration;
			buildSettings = {
				ALWAYS_SEARCH_USER_PATHS = NO;
				CLANG_ANALYZER_NONNULL = YES;
				CLANG_ANALYZER_NUMBER_OBJECT_CONVERSION = YES_AGGRESSIVE;
				CLANG_CXX_LANGUAGE_STANDARD = "gnu++17";
				CLANG_CXX_LIBRARY = "libc++";
				CLANG_ENABLE_MODULES = YES;
				CLANG_ENABLE_OBJC_ARC = YES;
				CLANG_ENABLE_OBJC_WEAK = YES;
				CLANG_WARN_BLOCK_CAPTURE_AUTORELEASING = YES;
				CLANG_WARN_BOOL_CONVERSION = YES;
				CLANG_WARN_COMMA = YES;
				CLANG_WARN_CONSTANT_CONVERSION = YES;
				CLANG_WARN_DEPRECATED_OBJC_IMPLEMENTATIONS = YES;
				CLANG_WARN_DIRECT_OBJC_ISA_USAGE = YES_ERROR;
				CLANG_WARN_DOCUMENTATION_COMMENTS = YES;
				CLANG_WARN_EMPTY_BODY = YES;
				CLANG_WARN_ENUM_CONVERSION = YES;
				CLANG_WARN_INFINITE_RECURSION = YES;
				CLANG_WARN_INT_CONVERSION = YES;
				CLANG_WARN_NON_LITERAL_NULL_CONVERSION = YES;
				CLANG_WARN_OBJC_IMPLICIT_RETAIN_SELF = YES;
				CLANG_WARN_OBJC_LITERAL_CONVERSION = YES;
				CLANG_WARN_OBJC_ROOT_CLASS = YES_ERROR;
				CLANG_WARN_QUOTED_INCLUDE_IN_FRAMEWORK_HEADER = YES;
				CLANG_WARN_RANGE_LOOP_ANALYSIS = YES;
				CLANG_WARN_STRICT_PROTOTYPES = YES;
				CLANG_WARN_SUSPICIOUS_MOVE = YES;
				CLANG_WARN_UNGUARDED_AVAILABILITY = YES_AGGRESSIVE;
				CLANG_WARN_UNREACHABLE_CODE = YES;
				CLANG_WARN__DUPLICATE_METHOD_MATCH = YES;
				COPY_PHASE_STRIP = NO;
				DEBUG_INFORMATION_FORMAT = dwarf;
				ENABLE_STRICT_OBJC_MSGSEND = YES;
				ENABLE_TESTABILITY = YES;
				GCC_C_LANGUAGE_STANDARD = gnu11;
				GCC_DYNAMIC_NO_PIC = NO;
				GCC_NO_COMMON_BLOCKS = YES;
				GCC_OPTIMIZATION_LEVEL = 0;
				GCC_PREPROCESSOR_DEFINITIONS = (
					"DEBUG=1",
					"$(inherited)",
				);
				GCC_WARN_64_TO_32_BIT_CONVERSION = YES;
				GCC_WARN_ABOUT_RETURN_TYPE = YES_ERROR;
				GCC_WARN_UNDECLARED_SELECTOR = YES;
				GCC_WARN_UNINITIALIZED_AUTOS = YES_AGGRESSIVE;
				GCC_WARN_UNUSED_FUNCTION = YES;
				GCC_WARN_UNUSED_VARIABLE = YES;
				IPHONEOS_DEPLOYMENT_TARGET = 15.0;
				MTL_ENABLE_DEBUG_INFO = INCLUDE_SOURCE;
				MTL_FAST_MATH = YES;
				ONLY_ACTIVE_ARCH = YES;
				SDKROOT = iphoneos;
				SWIFT_ACTIVE_COMPILATION_CONDITIONS = DEBUG;
				SWIFT_OPTIMIZATION_LEVEL = "-Onone";
			};
			name = Debug;
		};
		490A530C27A4EED700E41F9D /* Release */ = {
			isa = XCBuildConfiguration;
			buildSettings = {
				ALWAYS_SEARCH_USER_PATHS = NO;
				CLANG_ANALYZER_NONNULL = YES;
				CLANG_ANALYZER_NUMBER_OBJECT_CONVERSION = YES_AGGRESSIVE;
				CLANG_CXX_LANGUAGE_STANDARD = "gnu++17";
				CLANG_CXX_LIBRARY = "libc++";
				CLANG_ENABLE_MODULES = YES;
				CLANG_ENABLE_OBJC_ARC = YES;
				CLANG_ENABLE_OBJC_WEAK = YES;
				CLANG_WARN_BLOCK_CAPTURE_AUTORELEASING = YES;
				CLANG_WARN_BOOL_CONVERSION = YES;
				CLANG_WARN_COMMA = YES;
				CLANG_WARN_CONSTANT_CONVERSION = YES;
				CLANG_WARN_DEPRECATED_OBJC_IMPLEMENTATIONS = YES;
				CLANG_WARN_DIRECT_OBJC_ISA_USAGE = YES_ERROR;
				CLANG_WARN_DOCUMENTATION_COMMENTS = YES;
				CLANG_WARN_EMPTY_BODY = YES;
				CLANG_WARN_ENUM_CONVERSION = YES;
				CLANG_WARN_INFINITE_RECURSION = YES;
				CLANG_WARN_INT_CONVERSION = YES;
				CLANG_WARN_NON_LITERAL_NULL_CONVERSION = YES;
				CLANG_WARN_OBJC_IMPLICIT_RETAIN_SELF = YES;
				CLANG_WARN_OBJC_LITERAL_CONVERSION = YES;
				CLANG_WARN_OBJC_ROOT_CLASS = YES_ERROR;
				CLANG_WARN_QUOTED_INCLUDE_IN_FRAMEWORK_HEADER = YES;
				CLANG_WARN_RANGE_LOOP_ANALYSIS = YES;
				CLANG_WARN_STRICT_PROTOTYPES = YES;
				CLANG_WARN_SUSPICIOUS_MOVE = YES;
				CLANG_WARN_UNGUARDED_AVAILABILITY = YES_AGGRESSIVE;
				CLANG_WARN_UNREACHABLE_CODE = YES;
				CLANG_WARN__DUPLICATE_METHOD_MATCH = YES;
				COPY_PHASE_STRIP = NO;
				DEBUG_INFORMATION_FORMAT = "dwarf-with-dsym";
				ENABLE_NS_ASSERTIONS = NO;
				ENABLE_STRICT_OBJC_MSGSEND = YES;
				GCC_C_LANGUAGE_STANDARD = gnu11;
				GCC_NO_COMMON_BLOCKS = YES;
				GCC_WARN_64_TO_32_BIT_CONVERSION = YES;
				GCC_WARN_ABOUT_RETURN_TYPE = YES_ERROR;
				GCC_WARN_UNDECLARED_SELECTOR = YES;
				GCC_WARN_UNINITIALIZED_AUTOS = YES_AGGRESSIVE;
				GCC_WARN_UNUSED_FUNCTION = YES;
				GCC_WARN_UNUSED_VARIABLE = YES;
				IPHONEOS_DEPLOYMENT_TARGET = 15.0;
				MTL_ENABLE_DEBUG_INFO = NO;
				MTL_FAST_MATH = YES;
				SDKROOT = iphoneos;
				SWIFT_COMPILATION_MODE = wholemodule;
				SWIFT_OPTIMIZATION_LEVEL = "-O";
				VALIDATE_PRODUCT = YES;
			};
			name = Release;
		};
		490A530E27A4EED700E41F9D /* Debug */ = {
			isa = XCBuildConfiguration;
			baseConfigurationReference = FAB473947535A010F01E0DB0 /* Pods-NowPlaying.debug.xcconfig */;
			buildSettings = {
				ASSETCATALOG_COMPILER_APPICON_NAME = AppIcon;
				ASSETCATALOG_COMPILER_GLOBAL_ACCENT_COLOR_NAME = AccentColor;
				CODE_SIGN_STYLE = Automatic;
				CURRENT_PROJECT_VERSION = 1;
				DEVELOPMENT_TEAM = FRA642M4ND;
				GENERATE_INFOPLIST_FILE = YES;
				INFOPLIST_FILE = NowPlaying/Info.plist;
				INFOPLIST_KEY_UIApplicationSupportsIndirectInputEvents = YES;
				INFOPLIST_KEY_UILaunchStoryboardName = LaunchScreen;
				INFOPLIST_KEY_UIMainStoryboardFile = Main;
				INFOPLIST_KEY_UISupportedInterfaceOrientations_iPad = "UIInterfaceOrientationPortrait UIInterfaceOrientationPortraitUpsideDown UIInterfaceOrientationLandscapeLeft UIInterfaceOrientationLandscapeRight";
				INFOPLIST_KEY_UISupportedInterfaceOrientations_iPhone = "UIInterfaceOrientationPortrait UIInterfaceOrientationLandscapeLeft UIInterfaceOrientationLandscapeRight";
				LD_RUNPATH_SEARCH_PATHS = (
					"$(inherited)",
					"@executable_path/Frameworks",
				);
				MARKETING_VERSION = 1.0;
				PRODUCT_BUNDLE_IDENTIFIER = com.miguelsablan.NowPlaying;
				PRODUCT_NAME = "$(TARGET_NAME)";
				SWIFT_EMIT_LOC_STRINGS = YES;
				SWIFT_VERSION = 5.0;
				TARGETED_DEVICE_FAMILY = "1,2";
			};
			name = Debug;
		};
		490A530F27A4EED700E41F9D /* Release */ = {
			isa = XCBuildConfiguration;
			baseConfigurationReference = AC0AA0D23670163320E0080C /* Pods-NowPlaying.release.xcconfig */;
			buildSettings = {
				ASSETCATALOG_COMPILER_APPICON_NAME = AppIcon;
				ASSETCATALOG_COMPILER_GLOBAL_ACCENT_COLOR_NAME = AccentColor;
				CODE_SIGN_STYLE = Automatic;
				CURRENT_PROJECT_VERSION = 1;
				DEVELOPMENT_TEAM = FRA642M4ND;
				GENERATE_INFOPLIST_FILE = YES;
				INFOPLIST_FILE = NowPlaying/Info.plist;
				INFOPLIST_KEY_UIApplicationSupportsIndirectInputEvents = YES;
				INFOPLIST_KEY_UILaunchStoryboardName = LaunchScreen;
				INFOPLIST_KEY_UIMainStoryboardFile = Main;
				INFOPLIST_KEY_UISupportedInterfaceOrientations_iPad = "UIInterfaceOrientationPortrait UIInterfaceOrientationPortraitUpsideDown UIInterfaceOrientationLandscapeLeft UIInterfaceOrientationLandscapeRight";
				INFOPLIST_KEY_UISupportedInterfaceOrientations_iPhone = "UIInterfaceOrientationPortrait UIInterfaceOrientationLandscapeLeft UIInterfaceOrientationLandscapeRight";
				LD_RUNPATH_SEARCH_PATHS = (
					"$(inherited)",
					"@executable_path/Frameworks",
				);
				MARKETING_VERSION = 1.0;
				PRODUCT_BUNDLE_IDENTIFIER = com.miguelsablan.NowPlaying;
				PRODUCT_NAME = "$(TARGET_NAME)";
				SWIFT_EMIT_LOC_STRINGS = YES;
				SWIFT_VERSION = 5.0;
				TARGETED_DEVICE_FAMILY = "1,2";
			};
			name = Release;
		};
/* End XCBuildConfiguration section */

/* Begin XCConfigurationList section */
		490A52F427A4EED500E41F9D /* Build configuration list for PBXProject "NowPlaying" */ = {
			isa = XCConfigurationList;
			buildConfigurations = (
				490A530B27A4EED700E41F9D /* Debug */,
				490A530C27A4EED700E41F9D /* Release */,
			);
			defaultConfigurationIsVisible = 0;
			defaultConfigurationName = Release;
		};
		490A530D27A4EED700E41F9D /* Build configuration list for PBXNativeTarget "NowPlaying" */ = {
			isa = XCConfigurationList;
			buildConfigurations = (
				490A530E27A4EED700E41F9D /* Debug */,
				490A530F27A4EED700E41F9D /* Release */,
			);
			defaultConfigurationIsVisible = 0;
			defaultConfigurationName = Release;
		};
/* End XCConfigurationList section */

/* Begin XCRemoteSwiftPackageReference section */
		490C2CB227AA5CAA0047737C /* XCRemoteSwiftPackageReference "AlamofireImage" */ = {
			isa = XCRemoteSwiftPackageReference;
			repositoryURL = "https://github.com/Alamofire/AlamofireImage";
			requirement = {
				kind = upToNextMajorVersion;
				minimumVersion = 4.0.0;
			};
		};
/* End XCRemoteSwiftPackageReference section */

/* Begin XCSwiftPackageProductDependency section */
		490C2CB327AA5CAA0047737C /* AlamofireImage */ = {
			isa = XCSwiftPackageProductDependency;
			package = 490C2CB227AA5CAA0047737C /* XCRemoteSwiftPackageReference "AlamofireImage" */;
			productName = AlamofireImage;
		};
/* End XCSwiftPackageProductDependency section */
	};
	rootObject = 490A52F127A4EED500E41F9D /* Project object */;
}
